<Project xmlns="http://schemas.microsoft.com/developer/msbuild/2003">
    <PropertyGroup>
        <ProjectGuid>{F47BD3B8-6D1F-4F1D-ACF0-EF4D868342C4}</ProjectGuid>
        <ProjectVersion>18.1</ProjectVersion>
        <FrameworkType>VCL</FrameworkType>
        <MainSource>ProStock.dpr</MainSource>
        <Base>True</Base>
        <Config Condition="'$(Config)'==''">Release</Config>
        <Platform Condition="'$(Platform)'==''">Win32</Platform>
        <TargetedPlatforms>1</TargetedPlatforms>
        <AppType>Application</AppType>
    </PropertyGroup>
    <PropertyGroup Condition="'$(Config)'=='Base' or '$(Base)'!=''">
        <Base>true</Base>
    </PropertyGroup>
    <PropertyGroup Condition="('$(Platform)'=='Win32' and '$(Base)'=='true') or '$(Base_Win32)'!=''">
        <Base_Win32>true</Base_Win32>
        <CfgParent>Base</CfgParent>
        <Base>true</Base>
    </PropertyGroup>
    <PropertyGroup Condition="'$(Config)'=='Debug' or '$(Cfg_1)'!=''">
        <Cfg_1>true</Cfg_1>
        <CfgParent>Base</CfgParent>
        <Base>true</Base>
    </PropertyGroup>
    <PropertyGroup Condition="('$(Platform)'=='Win32' and '$(Cfg_1)'=='true') or '$(Cfg_1_Win32)'!=''">
        <Cfg_1_Win32>true</Cfg_1_Win32>
        <CfgParent>Cfg_1</CfgParent>
        <Cfg_1>true</Cfg_1>
        <Base>true</Base>
    </PropertyGroup>
    <PropertyGroup Condition="'$(Config)'=='Release' or '$(Cfg_2)'!=''">
        <Cfg_2>true</Cfg_2>
        <CfgParent>Base</CfgParent>
        <Base>true</Base>
    </PropertyGroup>
    <PropertyGroup Condition="('$(Platform)'=='Win32' and '$(Cfg_2)'=='true') or '$(Cfg_2_Win32)'!=''">
        <Cfg_2_Win32>true</Cfg_2_Win32>
        <CfgParent>Cfg_2</CfgParent>
        <Cfg_2>true</Cfg_2>
        <Base>true</Base>
    </PropertyGroup>
    <PropertyGroup Condition="'$(Base)'!=''">
        <DCC_OutputDRCFile>true</DCC_OutputDRCFile>
        <DCC_Namespace>System;Xml;Data;Datasnap;Web;Soap;Vcl;Vcl.Imaging;Vcl.Touch;Vcl.Samples;Vcl.Shell;$(DCC_Namespace)</DCC_Namespace>
        <Icon_MainIcon>$(BDS)\bin\delphi_PROJECTICON.ico</Icon_MainIcon>
        <SanitizedProjectName>ProStock</SanitizedProjectName>
        <DCC_DcuOutput>.\$(Platform)\$(Config)</DCC_DcuOutput>
        <DCC_ExeOutput>.\$(Platform)\$(Config)</DCC_ExeOutput>
        <DCC_E>false</DCC_E>
        <DCC_N>false</DCC_N>
        <DCC_S>false</DCC_S>
        <DCC_F>false</DCC_F>
        <DCC_K>false</DCC_K>
    </PropertyGroup>
    <PropertyGroup Condition="'$(Base_Win32)'!=''">
        <VerInfo_Locale>1033</VerInfo_Locale>
        <DCC_UsePackage>DBXSqliteDriver;DBXDb2Driver;dxCoreRS23;vclactnband;dxPSdxLCLnkRS23;vclFireDAC;dxPSLnksRS23;tethering;cxDataRS23;dxPSdxOCLnkRS23;dxTabbedMDIRS23;FireDACADSDriver;dxSkinBlackRS23;dxSkinLondonLiquidSkyRS23;EhLibDBXDataDrivers230;dxDBXServerModeRS23;dxPScxGridLnkRS23;cxSchedulerRS23;FireDACMSSQLDriver;vcltouch;vcldb;Intraweb;svn;dxWizardControlRS23;dxPScxCommonRS23;dxSkinMcSkinRS23;dxSkinOffice2007BlueRS23;dxBarRS23;cxSchedulerRibbonStyleEventEditorRS23;dxSkinOffice2013WhiteRS23;cxLibraryRS23;cxPivotGridChartRS23;dxSkinSummer2008RS23;dxPSdxDBOCLnkRS23;dxGDIPlusRS23;dxSkinDarkSideRS23;FireDACDBXDriver;dxSkinFoggyRS23;dxSkinSevenRS23;vclx;dxSkinOffice2010SilverRS23;dxdborRS23;RESTBackendComponents;dxLayoutControlRS23;dxPSPrVwRibbonRS23;VCLRESTComponents;dxSkinDevExpressStyleRS23;dxSkinWhiteprintRS23;vclie;bindengine;CloudService;FireDACMySQLDriver;dxSkinOffice2013DarkGrayRS23;DataSnapClient;dxPScxPCProdRS23;bindcompdbx;DBXSybaseASEDriver;IndyIPServer;dxSkinPumpkinRS23;IndySystem;dsnapcon;cxTreeListdxBarPopupMenuRS23;FireDACMSAccDriver;fmxFireDAC;FireDACInfxDriver;vclimg;dxSkinLilianRS23;tmsexdXE9;dxBarDBNavRS23;dxFlowChartRS23;DBXOdbcDriver;FireDACTDataDriver;FMXTee;soaprtl;DbxCommonDriver;dxSpreadSheetRS23;dxSkinOffice2007PinkRS23;dxPSdxSpreadSheetLnkRS23;xmlrtl;soapmidas;DataSnapNativeClient;fmxobj;dxSkinHighContrastRS23;dxSkinSevenClassicRS23;rtl;dxSkinTheAsphaltWorldRS23;DbxClientDriver;dxSkinDevExpressDarkStyleRS23;DBXSybaseASADriver;dxNavBarRS23;dxSkinMetropolisDarkRS23;dxRichEditControlRS23;appanalytics;cxPivotGridRS23;dxSkinsdxDLPainterRS23;IndyIPClient;dxRibbonRS23;dxPScxVGridLnkRS23;bindcompvcl;cxBarEditItemRS23;dxSkinOffice2007SilverRS23;dxPScxTLLnkRS23;dxMapControlRS23;TeeUI;EhLibADODataDrivers230;VclSmp;dxPScxSchedulerLnkRS23;cxTreeListRS23;FireDACODBCDriver;DataSnapIndy10ServerTransport;acntDX10_R;dxBarExtDBItemsRS23;DataSnapProviderClient;FireDACMongoDBDriver;dxSkiniMaginaryRS23;dxSpellCheckerRS23;dxSkinsdxBarPainterRS23;dxSkinCoffeeRS23;DataSnapServerMidas;RESTComponents;DBXInterBaseDriver;dxADOServerModeRS23;emsclientfiredac;DataSnapFireDAC;svnui;dxmdsRS23;dxSkinLiquidSkyRS23;dxdbtrRS23;dxSkinSpringTimeRS23;dxPSCoreRS23;dxSkinscxPCPainterRS23;DBXMSSQLDriver;EhLib230;dxSkinXmas2008BlueRS23;DatasnapConnectorsFreePascal;bindcompfmx;DBXOracleDriver;dxSkinSilverRS23;dxSkinValentineRS23;inetdb;FmxTeeUI;dxBarExtItemsRS23;FireDACIBDriver;fmx;fmxdae;dxServerModeRS23;dxPsPrVwAdvRS23;dxSkinOffice2010BlackRS23;cxPageControlRS23;dxSkinStardustRS23;cxSchedulerGridRS23;dbexpress;IndyCore;dxSkinSharpPlusRS23;dsnap;DataSnapCommon;emsclient;FireDACCommon;Package1;dxSkinOffice2010BlueRS23;dxSkinVS2010RS23;dxSkinMetropolisRS23;DataSnapConnectors;cxVerticalGridRS23;soapserver;dxSkinCaramelRS23;dxTileControlRS23;cxGridRS23;FireDACOracleDriver;DBXMySQLDriver;DBXFirebirdDriver;FireDACCommonDriver;inet;IndyIPCommon;dxSkinDarkRoomRS23;dxDockingRS23;vcl;tmsxlsdXE9;dxSkinOffice2007GreenRS23;dxPScxExtCommonRS23;dxSkinsCoreRS23;FireDACDb2Driver;dxThemeRS23;dxSkinsdxRibbonPainterRS23;tmswizdXE9;dxSkinMoneyTwinsRS23;dxPSdxFCLnkRS23;dxtrmdRS23;TeeDB;FireDAC;cxSchedulerTreeBrowserRS23;dxFireDACServerModeRS23;dxSkinBlueRS23;FireDACSqliteDriver;FireDACPgDriver;FireDACASADriver;SMCmpntXE8;cxEditorsRS23;dxSkinGlassOceansRS23;dxSkinsdxNavBarPainterRS23;dxGaugeControlRS23;Tee;cxPivotGridOLAPRS23;DataSnapServer;dxSkinSharpRS23;vclwinx;FireDACDSDriver;dxSkinBlueprintRS23;dxSkinOffice2007BlackRS23;CustomIPTransport;vcldsnap;dxSkinOffice2013LightGrayRS23;bindcomp;DBXInformixDriver;dxPSdxGaugeControlLnkRS23;dxPScxPivotGridLnkRS23;dxorgcRS23;dxPSdxDBTVLnkRS23;vclribbon;dbxcds;adortl;dxComnRS23;dsnapxml;dbrtl;inetdbxpress;IndyProtocols;cxExportRS23;dxSkinscxSchedulerPainterRS23;tmsdXE9;fmxase;$(DCC_UsePackage)</DCC_UsePackage>
        <DCC_Namespace>Winapi;System.Win;Data.Win;Datasnap.Win;Web.Win;Soap.Win;Xml.Win;Bde;$(DCC_Namespace)</DCC_Namespace>
        <VerInfo_IncludeVerInfo>true</VerInfo_IncludeVerInfo>
        <VerInfo_Keys>CompanyName=DIGITAL Company;FileVersion=1.0.0.0;ProductVersion=1.0.0.0</VerInfo_Keys>
        <Manifest_File>$(BDS)\bin\default_app.manifest</Manifest_File>
    </PropertyGroup>
    <PropertyGroup Condition="'$(Cfg_1)'!=''">
        <DCC_Define>DEBUG;$(DCC_Define)</DCC_Define>
        <DCC_DebugDCUs>true</DCC_DebugDCUs>
        <DCC_Optimize>false</DCC_Optimize>
        <DCC_GenerateStackFrames>true</DCC_GenerateStackFrames>
        <DCC_DebugInfoInExe>true</DCC_DebugInfoInExe>
        <DCC_RemoteDebug>true</DCC_RemoteDebug>
    </PropertyGroup>
    <PropertyGroup Condition="'$(Cfg_1_Win32)'!=''">
        <DCC_MapFile>3</DCC_MapFile>
        <VerInfo_Locale>1033</VerInfo_Locale>
        <VerInfo_IncludeVerInfo>true</VerInfo_IncludeVerInfo>
        <AppEnableHighDPI>true</AppEnableHighDPI>
        <AppEnableRuntimeThemes>true</AppEnableRuntimeThemes>
    </PropertyGroup>
    <PropertyGroup Condition="'$(Cfg_2)'!=''">
        <DCC_LocalDebugSymbols>false</DCC_LocalDebugSymbols>
        <DCC_Define>RELEASE;$(DCC_Define)</DCC_Define>
        <DCC_SymbolReferenceInfo>0</DCC_SymbolReferenceInfo>
        <DCC_DebugInformation>0</DCC_DebugInformation>
    </PropertyGroup>
    <PropertyGroup Condition="'$(Cfg_2_Win32)'!=''">
        <Icon_MainIcon>ProStock_Icon6.ico</Icon_MainIcon>
        <AppEnableAdministrator>true</AppEnableAdministrator>
        <DCC_MapFile>3</DCC_MapFile>
        <DCC_RemoteDebug>true</DCC_RemoteDebug>
        <VerInfo_IncludeVerInfo>true</VerInfo_IncludeVerInfo>
        <VerInfo_Locale>1033</VerInfo_Locale>
        <AppEnableHighDPI>true</AppEnableHighDPI>
        <AppEnableRuntimeThemes>true</AppEnableRuntimeThemes>
    </PropertyGroup>
    <ItemGroup>
        <DelphiCompile Include="$(MainSource)">
            <MainSource>MainSource</MainSource>
        </DelphiCompile>
        <DCCReference Include="UMainF.pas">
            <Form>MainForm</Form>
        </DCCReference>
        <DCCReference Include="UClientsList.pas">
            <Form>ClientListF</Form>
        </DCCReference>
        <DCCReference Include="UClientGestion.pas">
            <Form>ClientGestionF</Form>
        </DCCReference>
        <DCCReference Include="USplash.pas">
            <Form>FSplash</Form>
        </DCCReference>
        <DCCReference Include="UFournisseurList.pas">
            <Form>FournisseurListF</Form>
        </DCCReference>
        <DCCReference Include="UFournisseurGestion.pas">
            <Form>FournisseurGestionF</Form>
        </DCCReference>
        <DCCReference Include="UProduitsList.pas">
            <Form>ProduitsListF</Form>
        </DCCReference>
        <DCCReference Include="UProduitGestion.pas">
            <Form>ProduitGestionF</Form>
        </DCCReference>
        <DCCReference Include="USplashAddUnite.pas">
            <Form>FSplashAddUnite</Form>
        </DCCReference>
        <DCCReference Include="USplashAddCodeBarre.pas">
            <Form>FSplashAddCodeBarre</Form>
        </DCCReference>
        <DCCReference Include="UBonRec.pas">
            <Form>BonRecF</Form>
        </DCCReference>
        <DCCReference Include="UBonRecGestion.pas">
            <Form>BonRecGestionF</Form>
        </DCCReference>
        <DCCReference Include="UBonLivGestion.pas">
            <Form>BonLivGestionF</Form>
        </DCCReference>
        <DCCReference Include="UBonLiv.pas">
            <Form>BonLivF</Form>
        </DCCReference>
        <DCCReference Include="UComptoir.pas">
            <Form>BonCtrGestionF</Form>
        </DCCReference>
        <DCCReference Include="UFastProduitsList.pas">
            <Form>FastProduitsListF</Form>
        </DCCReference>
        <DCCReference Include="UModePaieList.pas">
            <Form>ModePaieListF</Form>
        </DCCReference>
        <DCCReference Include="USplashAddCompte.pas">
            <Form>FSplashAddCompte</Form>
        </DCCReference>
        <DCCReference Include="USplashVersement.pas">
            <Form>FSplashVersement</Form>
        </DCCReference>
        <DCCReference Include="UBonFacV.pas">
            <Form>BonFacVF</Form>
        </DCCReference>
        <DCCReference Include="UBonFacVGestion.pas">
            <Form>BonFacVGestionF</Form>
        </DCCReference>
        <DCCReference Include="UBonFacA.pas">
            <Form>BonFacAF</Form>
        </DCCReference>
        <DCCReference Include="UBonFacAGestion.pas">
            <Form>BonFacAGestionF</Form>
        </DCCReference>
        <DCCReference Include="UBonCtr.pas">
            <Form>BonCtrF</Form>
        </DCCReference>
        <DCCReference Include="UCaisseList.pas">
            <Form>CaisseListF</Form>
        </DCCReference>
        <DCCReference Include="UBankList.pas">
            <Form>BankListF</Form>
        </DCCReference>
        <DCCReference Include="UUsersList.pas">
            <Form>UsersListF</Form>
        </DCCReference>
        <DCCReference Include="UUsersGestion.pas">
            <Form>UsersGestionF</Form>
        </DCCReference>
        <DCCReference Include="UReglementFList.pas">
            <Form>ReglementFListF</Form>
        </DCCReference>
        <DCCReference Include="UReglementCGestion.pas">
            <Form>ReglementCGestionF</Form>
        </DCCReference>
        <DCCReference Include="UReglementCList.pas">
            <Form>ReglementCListF</Form>
        </DCCReference>
        <DCCReference Include="UReglementFGestion.pas">
            <Form>ReglementFGestionF</Form>
        </DCCReference>
        <DCCReference Include="StringTool.pas"/>
        <DCCReference Include="USplashPrinting.pas">
            <Form>FSplashPrinting</Form>
        </DCCReference>
        <DCCReference Include="UOptions.pas">
            <Form>FOptions</Form>
        </DCCReference>
        <DCCReference Include="UDashboard.pas">
            <Form>DashboardF</Form>
        </DCCReference>
        <DCCReference Include="UDataModule.pas">
            <Form>DataModuleF</Form>
            <DesignClass>TDataModule</DesignClass>
        </DCCReference>
        <DCCReference Include="UHomeF.pas">
            <Form>HomeF</Form>
        </DCCReference>
        <DCCReference Include="uCompteList.pas">
            <Form>CompteListF</Form>
        </DCCReference>
        <DCCReference Include="UFamPList.pas">
            <Form>FamPListF</Form>
        </DCCReference>
        <DCCReference Include="USFamPList.pas">
            <Form>SFamPListF</Form>
        </DCCReference>
        <DCCReference Include="ULocaleList.pas">
            <Form>LocaleListF</Form>
        </DCCReference>
        <DCCReference Include="UUnitesList.pas">
            <Form>UnitesListF</Form>
        </DCCReference>
        <DCCReference Include="UWorkingSplash.pas">
            <Form>FWorkingSplash</Form>
            <FormType>dfm</FormType>
        </DCCReference>
        <DCCReference Include="ULogoSplashForm.pas">
            <Form>LogoSplashF</Form>
            <FormType>dfm</FormType>
        </DCCReference>
        <DCCReference Include="ULoginUser.pas">
            <Form>LoginUserF</Form>
            <FormType>dfm</FormType>
        </DCCReference>
        <DCCReference Include="ULogin.pas">
            <Form>LoginF</Form>
            <FormType>dfm</FormType>
        </DCCReference>
        <DCCReference Include="UCNotifications.pas">
            <Form>CNotificationsF</Form>
            <FormType>dfm</FormType>
        </DCCReference>
        <DCCReference Include="UChargesFList.pas">
            <Form>ChargesFListF</Form>
            <FormType>dfm</FormType>
        </DCCReference>
        <DCCReference Include="UPertesFList.pas">
            <Form>PertesFListF</Form>
            <FormType>dfm</FormType>
        </DCCReference>
        <DCCReference Include="UChargesGestion.pas">
            <Form>ChargesGestionF</Form>
            <FormType>dfm</FormType>
        </DCCReference>
        <DCCReference Include="UPertesGestion.pas">
            <Form>PertesGestionF</Form>
            <FormType>dfm</FormType>
        </DCCReference>
        <DCCReference Include="UTypeChargeList.pas">
            <Form>TypeChargeListF</Form>
            <FormType>dfm</FormType>
        </DCCReference>
        <DCCReference Include="USTypeChargeList.pas">
            <Form>STypeChargeListF</Form>
            <FormType>dfm</FormType>
        </DCCReference>
        <DCCReference Include="UTypePerteList.pas">
            <Form>TypePerteListF</Form>
            <FormType>dfm</FormType>
        </DCCReference>
        <DCCReference Include="UBonFacPGestion.pas">
            <Form>BonFacPGestionF</Form>
            <FormType>dfm</FormType>
        </DCCReference>
        <DCCReference Include="UBonFacP.pas">
            <Form>BonFacPF</Form>
            <FormType>dfm</FormType>
        </DCCReference>
        <DCCReference Include="UTransferComptesGestion.pas">
            <Form>TransferComptesGestionF</Form>
            <FormType>dfm</FormType>
        </DCCReference>
        <DCCReference Include="UTransferListGestion.pas">
            <Form>TransferListGestionF</Form>
            <FormType>dfm</FormType>
        </DCCReference>
        <BuildConfiguration Include="Release">
            <Key>Cfg_2</Key>
            <CfgParent>Base</CfgParent>
        </BuildConfiguration>
        <BuildConfiguration Include="Base">
            <Key>Base</Key>
        </BuildConfiguration>
        <BuildConfiguration Include="Debug">
            <Key>Cfg_1</Key>
            <CfgParent>Base</CfgParent>
        </BuildConfiguration>
    </ItemGroup>
    <ProjectExtensions>
        <Borland.Personality>Delphi.Personality.12</Borland.Personality>
        <Borland.ProjectType>Application</Borland.ProjectType>
        <BorlandProject>
            <Delphi.Personality>
                <Source>
                    <Source Name="MainSource">ProStock.dpr</Source>
                </Source>
                <Excluded_Packages>
                    <Excluded_Packages Name="C:\Program Files (x86)\FastReport 5 VCL Trial\LibD23\dclfrxIBX23.bpl">FastReport 5.0 IBX Components</Excluded_Packages>
                    <Excluded_Packages Name="C:\Program Files (x86)\FastReport 5 VCL Trial\LibD23\dclfsIBX23.bpl">FastScript 1.9 IBX Components</Excluded_Packages>
                    <Excluded_Packages Name="C:\Users\Public\Documents\Embarcadero\Studio\17.0\Bpl\DclEhLibADODataDrivers230.bpl">EhLib 8.1 DataDrivers for ADO</Excluded_Packages>
                    <Excluded_Packages Name="$(BDSBIN)\dclsoapserver230.bpl">Embarcadero SOAP Server Components</Excluded_Packages>
                    <Excluded_Packages Name="C:\Users\Public\Documents\Embarcadero\Studio\17.0\Bpl\dcldxPSDBTeeChartRS23.bpl">ExpressPrinting System ReportLink for DBTeeChart by Developer Express Inc.</Excluded_Packages>
                    <Excluded_Packages Name="$(BDSBIN)\dcloffice2k230.bpl">Microsoft Office 2000 Sample Automation Server Wrapper Components</Excluded_Packages>
                    <Excluded_Packages Name="$(BDSBIN)\dclofficexp230.bpl">Microsoft Office XP Sample Automation Server Wrapper Components</Excluded_Packages>
                    <Excluded_Packages Name="C:\Program Files (x86)\FastReport 5 VCL Trial\LibD23\dclfsTee23.bpl">FastScript 1.9 Tee Components</Excluded_Packages>
                    <Excluded_Packages Name="D:\User-DIGITAL Company\Downloads\Compressed\Steema_TeeChart_Pro_VCL_2015.16_For_RAD_Studio10_Seattle_Downloadly.ir\Steema TeeChart Pro VCL 2015.16 For RAD Studio10 Seattle\Delphi23\Delphi23.win32\Bin\DclTree2D23Tee9.bpl">TeeTree 2 Components</Excluded_Packages>
                </Excluded_Packages>
                <Language>
                    <Language Name="ProjectLang">$00000409</Language>
                </Language>
                <Resource_DLL_Projects>
                    <Resource_DLL_Projects Name="Item0">Arabic (Algeria)*$00001401*ARG*ARG</Resource_DLL_Projects>
                </Resource_DLL_Projects>
                <RDP_Source_Files>
                    <RDP_Source_Files Name="Item0">UMainF.dfm</RDP_Source_Files>
                    <RDP_Source_Files Name="Item1">UClientsList.dfm</RDP_Source_Files>
                    <RDP_Source_Files Name="Item2">UClientGestion.dfm</RDP_Source_Files>
                    <RDP_Source_Files Name="Item3">USplash.dfm</RDP_Source_Files>
                    <RDP_Source_Files Name="Item4">UFournisseurList.dfm</RDP_Source_Files>
                    <RDP_Source_Files Name="Item5">UFournisseurGestion.dfm</RDP_Source_Files>
                    <RDP_Source_Files Name="Item6">UProduitsList.dfm</RDP_Source_Files>
                    <RDP_Source_Files Name="Item7">UProduitGestion.dfm</RDP_Source_Files>
                    <RDP_Source_Files Name="Item8">USplashAddUnite.dfm</RDP_Source_Files>
                    <RDP_Source_Files Name="Item9">USplashAddCodeBarre.dfm</RDP_Source_Files>
                    <RDP_Source_Files Name="Item10">UBonRec.dfm</RDP_Source_Files>
                    <RDP_Source_Files Name="Item11">UBonRecGestion.dfm</RDP_Source_Files>
                    <RDP_Source_Files Name="Item12">UBonLivGestion.dfm</RDP_Source_Files>
                    <RDP_Source_Files Name="Item13">UBonLiv.dfm</RDP_Source_Files>
                    <RDP_Source_Files Name="Item14">UComptoir.dfm</RDP_Source_Files>
                    <RDP_Source_Files Name="Item15">UFastProduitsList.dfm</RDP_Source_Files>
                    <RDP_Source_Files Name="Item16">UModePaieList.dfm</RDP_Source_Files>
                    <RDP_Source_Files Name="Item17">USplashAddCompte.dfm</RDP_Source_Files>
                    <RDP_Source_Files Name="Item18">USplashVersement.dfm</RDP_Source_Files>
                    <RDP_Source_Files Name="Item19">UBonFacV.dfm</RDP_Source_Files>
                    <RDP_Source_Files Name="Item20">UBonFacVGestion.dfm</RDP_Source_Files>
                    <RDP_Source_Files Name="Item21">UBonFacA.dfm</RDP_Source_Files>
                    <RDP_Source_Files Name="Item22">UBonFacAGestion.dfm</RDP_Source_Files>
                    <RDP_Source_Files Name="Item23">UBonCtr.dfm</RDP_Source_Files>
                    <RDP_Source_Files Name="Item24">Win32\Debug\ApplicationDC.drc</RDP_Source_Files>
                </RDP_Source_Files>
            </Delphi.Personality>
            <Deployment Version="2">
                <DeployFile LocalName="Win32\Debug\ProStock.rsm" Configuration="Debug" Class="DebugSymbols">
                    <Platform Name="Win32">
                        <RemoteName>ProStock.rsm</RemoteName>
                        <Overwrite>true</Overwrite>
                    </Platform>
                </DeployFile>
                <DeployFile LocalName="Win32\Debug\ProStock.exe" Configuration="Debug" Class="ProjectOutput">
                    <Platform Name="Win32">
                        <RemoteName>ProStock.exe</RemoteName>
                        <Overwrite>true</Overwrite>
                    </Platform>
                </DeployFile>
                <DeployFile LocalName="Win32\Release\ProStock.exe" Configuration="Release" Class="ProjectOutput">
                    <Platform Name="Win32">
                        <RemoteName>ProStock.exe</RemoteName>
                        <Overwrite>true</Overwrite>
                    </Platform>
                </DeployFile>
                <DeployClass Name="ProjectiOSDeviceResourceRules">
                    <Platform Name="iOSDevice64">
                        <Operation>1</Operation>
                    </Platform>
                    <Platform Name="iOSDevice32">
                        <Operation>1</Operation>
                    </Platform>
                </DeployClass>
                <DeployClass Name="ProjectOSXResource">
                    <Platform Name="OSX32">
                        <RemoteDir>Contents\Resources</RemoteDir>
                        <Operation>1</Operation>
                    </Platform>
                </DeployClass>
                <DeployClass Name="AndroidClassesDexFile">
                    <Platform Name="Android">
                        <RemoteDir>classes</RemoteDir>
                        <Operation>1</Operation>
                    </Platform>
                </DeployClass>
                <DeployClass Name="AdditionalDebugSymbols">
                    <Platform Name="Win32">
                        <RemoteDir>Contents\MacOS</RemoteDir>
                        <Operation>0</Operation>
                    </Platform>
                    <Platform Name="iOSSimulator">
                        <Operation>1</Operation>
                    </Platform>
                    <Platform Name="OSX32">
                        <RemoteDir>Contents\MacOS</RemoteDir>
                        <Operation>1</Operation>
                    </Platform>
                </DeployClass>
                <DeployClass Name="iPad_Launch768">
                    <Platform Name="iOSSimulator">
                        <Operation>1</Operation>
                    </Platform>
                    <Platform Name="iOSDevice64">
                        <Operation>1</Operation>
                    </Platform>
                    <Platform Name="iOSDevice32">
                        <Operation>1</Operation>
                    </Platform>
                </DeployClass>
                <DeployClass Name="Android_LauncherIcon144">
                    <Platform Name="Android">
                        <RemoteDir>res\drawable-xxhdpi</RemoteDir>
                        <Operation>1</Operation>
                    </Platform>
                </DeployClass>
                <DeployClass Name="AndroidLibnativeMipsFile">
                    <Platform Name="Android">
                        <RemoteDir>library\lib\mips</RemoteDir>
                        <Operation>1</Operation>
                    </Platform>
                </DeployClass>
                <DeployClass Required="true" Name="ProjectOutput">
                    <Platform Name="Win32">
                        <Operation>0</Operation>
                    </Platform>
                    <Platform Name="iOSDevice64">
                        <Operation>1</Operation>
                    </Platform>
                    <Platform Name="OSX32">
                        <RemoteDir>Contents\MacOS</RemoteDir>
                        <Operation>1</Operation>
                    </Platform>
                    <Platform Name="iOSDevice32">
                        <Operation>1</Operation>
                    </Platform>
                    <Platform Name="Android">
                        <RemoteDir>library\lib\armeabi-v7a</RemoteDir>
                        <Operation>1</Operation>
                    </Platform>
                    <Platform Name="iOSSimulator">
                        <Operation>1</Operation>
                    </Platform>
                </DeployClass>
                <DeployClass Name="DependencyFramework">
                    <Platform Name="Win32">
                        <Operation>0</Operation>
                    </Platform>
                    <Platform Name="OSX32">
                        <RemoteDir>Contents\MacOS</RemoteDir>
                        <Operation>1</Operation>
                        <Extensions>.framework</Extensions>
                    </Platform>
                </DeployClass>
                <DeployClass Name="iPhone_Launch640">
                    <Platform Name="iOSSimulator">
                        <Operation>1</Operation>
                    </Platform>
                    <Platform Name="iOSDevice64">
                        <Operation>1</Operation>
                    </Platform>
                    <Platform Name="iOSDevice32">
                        <Operation>1</Operation>
                    </Platform>
                </DeployClass>
                <DeployClass Name="iPad_Launch1024">
                    <Platform Name="iOSSimulator">
                        <Operation>1</Operation>
                    </Platform>
                    <Platform Name="iOSDevice64">
                        <Operation>1</Operation>
                    </Platform>
                    <Platform Name="iOSDevice32">
                        <Operation>1</Operation>
                    </Platform>
                </DeployClass>
                <DeployClass Name="ProjectiOSDeviceDebug">
                    <Platform Name="iOSDevice64">
                        <RemoteDir>..\$(PROJECTNAME).app.dSYM\Contents\Resources\DWARF</RemoteDir>
                        <Operation>1</Operation>
                    </Platform>
                    <Platform Name="iOSDevice32">
                        <RemoteDir>..\$(PROJECTNAME).app.dSYM\Contents\Resources\DWARF</RemoteDir>
                        <Operation>1</Operation>
                    </Platform>
                </DeployClass>
                <DeployClass Name="AndroidLibnativeX86File">
                    <Platform Name="Android">
                        <RemoteDir>library\lib\x86</RemoteDir>
                        <Operation>1</Operation>
                    </Platform>
                </DeployClass>
                <DeployClass Name="iPhone_Launch320">
                    <Platform Name="iOSSimulator">
                        <Operation>1</Operation>
                    </Platform>
                    <Platform Name="iOSDevice64">
                        <Operation>1</Operation>
                    </Platform>
                    <Platform Name="iOSDevice32">
                        <Operation>1</Operation>
                    </Platform>
                </DeployClass>
                <DeployClass Name="ProjectiOSInfoPList">
                    <Platform Name="iOSSimulator">
                        <Operation>1</Operation>
                    </Platform>
                    <Platform Name="iOSDevice64">
                        <Operation>1</Operation>
                    </Platform>
                    <Platform Name="iOSDevice32">
                        <Operation>1</Operation>
                    </Platform>
                </DeployClass>
                <DeployClass Name="AndroidLibnativeArmeabiFile">
                    <Platform Name="Android">
                        <RemoteDir>library\lib\armeabi</RemoteDir>
                        <Operation>1</Operation>
                    </Platform>
                </DeployClass>
                <DeployClass Name="DebugSymbols">
                    <Platform Name="Win32">
                        <Operation>0</Operation>
                    </Platform>
                    <Platform Name="iOSSimulator">
                        <Operation>1</Operation>
                    </Platform>
                    <Platform Name="OSX32">
                        <RemoteDir>Contents\MacOS</RemoteDir>
                        <Operation>1</Operation>
                    </Platform>
                </DeployClass>
                <DeployClass Name="iPad_Launch1536">
                    <Platform Name="iOSSimulator">
                        <Operation>1</Operation>
                    </Platform>
                    <Platform Name="iOSDevice64">
                        <Operation>1</Operation>
                    </Platform>
                    <Platform Name="iOSDevice32">
                        <Operation>1</Operation>
                    </Platform>
                </DeployClass>
                <DeployClass Name="Android_SplashImage470">
                    <Platform Name="Android">
                        <RemoteDir>res\drawable-normal</RemoteDir>
                        <Operation>1</Operation>
                    </Platform>
                </DeployClass>
                <DeployClass Name="Android_LauncherIcon96">
                    <Platform Name="Android">
                        <RemoteDir>res\drawable-xhdpi</RemoteDir>
                        <Operation>1</Operation>
                    </Platform>
                </DeployClass>
                <DeployClass Name="Android_SplashImage640">
                    <Platform Name="Android">
                        <RemoteDir>res\drawable-large</RemoteDir>
                        <Operation>1</Operation>
                    </Platform>
                </DeployClass>
                <DeployClass Name="iPhone_Launch640x1136">
                    <Platform Name="iOSSimulator">
                        <Operation>1</Operation>
                    </Platform>
                    <Platform Name="iOSDevice64">
                        <Operation>1</Operation>
                    </Platform>
                    <Platform Name="iOSDevice32">
                        <Operation>1</Operation>
                    </Platform>
                </DeployClass>
                <DeployClass Name="ProjectiOSEntitlements">
                    <Platform Name="iOSDevice64">
                        <RemoteDir>../</RemoteDir>
                        <Operation>1</Operation>
                    </Platform>
                    <Platform Name="iOSDevice32">
                        <RemoteDir>../</RemoteDir>
                        <Operation>1</Operation>
                    </Platform>
                </DeployClass>
                <DeployClass Name="Android_LauncherIcon72">
                    <Platform Name="Android">
                        <RemoteDir>res\drawable-hdpi</RemoteDir>
                        <Operation>1</Operation>
                    </Platform>
                </DeployClass>
                <DeployClass Name="AndroidGDBServer">
                    <Platform Name="Android">
                        <RemoteDir>library\lib\armeabi-v7a</RemoteDir>
                        <Operation>1</Operation>
                    </Platform>
                </DeployClass>
                <DeployClass Name="ProjectOSXInfoPList">
                    <Platform Name="OSX32">
                        <RemoteDir>Contents</RemoteDir>
                        <Operation>1</Operation>
                    </Platform>
                </DeployClass>
                <DeployClass Name="ProjectOSXEntitlements">
                    <Platform Name="OSX32">
                        <RemoteDir>../</RemoteDir>
                        <Operation>1</Operation>
                    </Platform>
                </DeployClass>
                <DeployClass Name="iPad_Launch2048">
                    <Platform Name="iOSSimulator">
                        <Operation>1</Operation>
                    </Platform>
                    <Platform Name="iOSDevice64">
                        <Operation>1</Operation>
                    </Platform>
                    <Platform Name="iOSDevice32">
                        <Operation>1</Operation>
                    </Platform>
                </DeployClass>
                <DeployClass Name="AndroidSplashStyles">
                    <Platform Name="Android">
                        <RemoteDir>res\values</RemoteDir>
                        <Operation>1</Operation>
                    </Platform>
                </DeployClass>
                <DeployClass Name="Android_SplashImage426">
                    <Platform Name="Android">
                        <RemoteDir>res\drawable-small</RemoteDir>
                        <Operation>1</Operation>
                    </Platform>
                </DeployClass>
                <DeployClass Name="AndroidSplashImageDef">
                    <Platform Name="Android">
                        <RemoteDir>res\drawable</RemoteDir>
                        <Operation>1</Operation>
                    </Platform>
                </DeployClass>
                <DeployClass Name="ProjectiOSResource">
                    <Platform Name="iOSSimulator">
                        <Operation>1</Operation>
                    </Platform>
                    <Platform Name="iOSDevice64">
                        <Operation>1</Operation>
                    </Platform>
                    <Platform Name="iOSDevice32">
                        <Operation>1</Operation>
                    </Platform>
                </DeployClass>
                <DeployClass Name="ProjectAndroidManifest">
                    <Platform Name="Android">
                        <Operation>1</Operation>
                    </Platform>
                </DeployClass>
                <DeployClass Name="Android_DefaultAppIcon">
                    <Platform Name="Android">
                        <RemoteDir>res\drawable</RemoteDir>
                        <Operation>1</Operation>
                    </Platform>
                </DeployClass>
                <DeployClass Name="File">
                    <Platform Name="Win32">
                        <Operation>0</Operation>
                    </Platform>
                    <Platform Name="iOSDevice64">
                        <Operation>0</Operation>
                    </Platform>
                    <Platform Name="OSX32">
                        <RemoteDir>Contents\Resources\StartUp\</RemoteDir>
                        <Operation>0</Operation>
                    </Platform>
                    <Platform Name="iOSDevice32">
                        <Operation>0</Operation>
                    </Platform>
                    <Platform Name="Android">
                        <Operation>0</Operation>
                    </Platform>
                    <Platform Name="iOSSimulator">
                        <Operation>0</Operation>
                    </Platform>
                </DeployClass>
                <DeployClass Name="AndroidServiceOutput">
                    <Platform Name="Android">
                        <RemoteDir>library\lib\armeabi-v7a</RemoteDir>
                        <Operation>1</Operation>
                    </Platform>
                </DeployClass>
                <DeployClass Required="true" Name="DependencyPackage">
                    <Platform Name="Win32">
                        <Operation>0</Operation>
                        <Extensions>.bpl</Extensions>
                    </Platform>
                    <Platform Name="iOSDevice64">
                        <Operation>1</Operation>
                        <Extensions>.dylib</Extensions>
                    </Platform>
                    <Platform Name="OSX32">
                        <RemoteDir>Contents\MacOS</RemoteDir>
                        <Operation>1</Operation>
                        <Extensions>.dylib</Extensions>
                    </Platform>
                    <Platform Name="iOSDevice32">
                        <Operation>1</Operation>
                        <Extensions>.dylib</Extensions>
                    </Platform>
                    <Platform Name="iOSSimulator">
                        <Operation>1</Operation>
                        <Extensions>.dylib</Extensions>
                    </Platform>
                </DeployClass>
                <DeployClass Name="Android_LauncherIcon48">
                    <Platform Name="Android">
                        <RemoteDir>res\drawable-mdpi</RemoteDir>
                        <Operation>1</Operation>
                    </Platform>
                </DeployClass>
                <DeployClass Name="Android_SplashImage960">
                    <Platform Name="Android">
                        <RemoteDir>res\drawable-xlarge</RemoteDir>
                        <Operation>1</Operation>
                    </Platform>
                </DeployClass>
                <DeployClass Name="Android_LauncherIcon36">
                    <Platform Name="Android">
                        <RemoteDir>res\drawable-ldpi</RemoteDir>
                        <Operation>1</Operation>
                    </Platform>
                </DeployClass>
                <DeployClass Name="DependencyModule">
                    <Platform Name="Win32">
                        <Operation>0</Operation>
                        <Extensions>.dll;.bpl</Extensions>
                    </Platform>
                    <Platform Name="iOSDevice64">
                        <Operation>1</Operation>
                        <Extensions>.dylib</Extensions>
                    </Platform>
                    <Platform Name="OSX32">
                        <RemoteDir>Contents\MacOS</RemoteDir>
                        <Operation>1</Operation>
                        <Extensions>.dylib</Extensions>
                    </Platform>
                    <Platform Name="iOSDevice32">
                        <Operation>1</Operation>
                        <Extensions>.dylib</Extensions>
                    </Platform>
                    <Platform Name="iOSSimulator">
                        <Operation>1</Operation>
                        <Extensions>.dylib</Extensions>
                    </Platform>
                </DeployClass>
                <ProjectRoot Platform="iOSDevice64" Name="$(PROJECTNAME).app"/>
                <ProjectRoot Platform="Win64" Name="$(PROJECTNAME)"/>
                <ProjectRoot Platform="iOSDevice32" Name="$(PROJECTNAME).app"/>
                <ProjectRoot Platform="Win32" Name="$(PROJECTNAME)"/>
                <ProjectRoot Platform="Linux64" Name="$(PROJECTNAME)"/>
                <ProjectRoot Platform="OSX32" Name="$(PROJECTNAME).app"/>
                <ProjectRoot Platform="Android" Name="$(PROJECTNAME)"/>
                <ProjectRoot Platform="iOSSimulator" Name="$(PROJECTNAME).app"/>
            </Deployment>
            <Platforms>
                <Platform value="Win32">True</Platform>
            </Platforms>
            <ModelSupport>False</ModelSupport>
        </BorlandProject>
        <ProjectFileVersion>12</ProjectFileVersion>
    </ProjectExtensions>
    <Import Project="$(BDS)\Bin\CodeGear.Delphi.Targets" Condition="Exists('$(BDS)\Bin\CodeGear.Delphi.Targets')"/>
    <Import Project="$(APPDATA)\Embarcadero\$(BDSAPPDATABASEDIR)\$(PRODUCTVERSION)\UserTools.proj" Condition="Exists('$(APPDATA)\Embarcadero\$(BDSAPPDATABASEDIR)\$(PRODUCTVERSION)\UserTools.proj')"/>
    <Import Project="$(MSBuildProjectName).deployproj" Condition="Exists('$(MSBuildProjectName).deployproj')"/>
</Project>
